<?xml version="1.0" encoding="utf-8"?>
<Project ToolsVersion="4.0" xmlns="http://schemas.microsoft.com/developer/msbuild/2003">
  <ItemGroup>
    <Filter Include="VideoFetch">
      <UniqueIdentifier>{6371e2b2-4365-43e6-8e3a-574b4d396808}</UniqueIdentifier>
    </Filter>
    <Filter Include="VideoAnalyze">
      <UniqueIdentifier>{cda527cc-8ff7-48fc-92b7-bd2dcfe8b1fe}</UniqueIdentifier>
    </Filter>
    <Filter Include="Frontend">
      <UniqueIdentifier>{f5000bb8-34fa-4a41-b36d-afd2d279d27b}</UniqueIdentifier>
    </Filter>
    <Filter Include="Core">
      <UniqueIdentifier>{79973709-500f-4deb-919f-86bf69e50590}</UniqueIdentifier>
    </Filter>
    <Filter Include="VideoAnalyze\Image">
      <UniqueIdentifier>{15e810da-248a-43b2-af3f-d71ea3d3e4a5}</UniqueIdentifier>
    </Filter>
    <Filter Include="VideoAnalyze\Image\LoL">
      <UniqueIdentifier>{71d26050-8339-4a11-bcb7-9ae2d3235cd1}</UniqueIdentifier>
    </Filter>
    <Filter Include="VideoAnalyze\Image\LoL\Spectator">
      <UniqueIdentifier>{d74837fd-0741-482f-b964-7278e89c5976}</UniqueIdentifier>
    </Filter>
    <Filter Include="VideoAnalyze\Image\LoL\Spectator\LCS">
      <UniqueIdentifier>{0721b9b8-4b1e-4bed-98ac-653506344498}</UniqueIdentifier>
    </Filter>
  </ItemGroup>
  <ItemGroup>
    <ClInclude Include="VideoFetcher.h">
      <Filter>VideoFetch</Filter>
    </ClInclude>
    <ClInclude Include="common.h">
      <Filter>Core</Filter>
    </ClInclude>
    <ClInclude Include="ImageAnalyzer.h">
      <Filter>VideoAnalyze\Image</Filter>
    </ClInclude>
    <ClInclude Include="LeagueImageAnalyzer.h">
      <Filter>VideoAnalyze\Image\LoL</Filter>
    </ClInclude>
    <ClInclude Include="LeagueSpectatorImageAnalyzer.h">
      <Filter>VideoAnalyze\Image\LoL\Spectator</Filter>
    </ClInclude>
  </ItemGroup>
  <ItemGroup>
    <ClCompile Include="VideoFetcher.cpp">
      <Filter>VideoFetch</Filter>
    </ClCompile>
    <ClCompile Include="main.cpp">
      <Filter>Frontend</Filter>
    </ClCompile>
    <ClCompile Include="ImageAnalyzer.cpp">
      <Filter>VideoAnalyze\Image</Filter>
    </ClCompile>
    <ClCompile Include="LeagueImageAnalyzer.cpp">
      <Filter>VideoAnalyze\Image\LoL</Filter>
    </ClCompile>
    <ClCompile Include="LeagueSpectatorImageAnalyzer.cpp">
      <Filter>VideoAnalyze\Image\LoL\Spectator</Filter>
    </ClCompile>
  </ItemGroup>
</Project>