<?xml version="1.0" encoding="utf-8"?>
<Project ToolsVersion="4.0" xmlns="http://schemas.microsoft.com/developer/msbuild/2003">
  <ItemGroup>
    <Filter Include="VideoFetch">
      <UniqueIdentifier>{6371e2b2-4365-43e6-8e3a-574b4d396808}</UniqueIdentifier>
    </Filter>
    <Filter Include="VideoAnalyze">
      <UniqueIdentifier>{cda527cc-8ff7-48fc-92b7-bd2dcfe8b1fe}</UniqueIdentifier>
    </Filter>
    <Filter Include="Frontend">
      <UniqueIdentifier>{f5000bb8-34fa-4a41-b36d-afd2d279d27b}</UniqueIdentifier>
    </Filter>
    <Filter Include="Core">
      <UniqueIdentifier>{79973709-500f-4deb-919f-86bf69e50590}</UniqueIdentifier>
    </Filter>
    <Filter Include="VideoAnalyze\Image">
      <UniqueIdentifier>{15e810da-248a-43b2-af3f-d71ea3d3e4a5}</UniqueIdentifier>
    </Filter>
    <Filter Include="VideoAnalyze\Image\LoL">
      <UniqueIdentifier>{71d26050-8339-4a11-bcb7-9ae2d3235cd1}</UniqueIdentifier>
    </Filter>
    <Filter Include="VideoAnalyze\Image\LoL\Spectator">
      <UniqueIdentifier>{d74837fd-0741-482f-b964-7278e89c5976}</UniqueIdentifier>
    </Filter>
    <Filter Include="VideoAnalyze\Image\LoL\Spectator\LCS">
      <UniqueIdentifier>{0721b9b8-4b1e-4bed-98ac-653506344498}</UniqueIdentifier>
    </Filter>
    <Filter Include="VideoAnalyze\Data">
      <UniqueIdentifier>{4f911421-3023-48ec-95bb-2ac61efe9a72}</UniqueIdentifier>
    </Filter>
    <Filter Include="VideoAnalyze\Data\LoL">
      <UniqueIdentifier>{41e45bf3-8567-40df-bff1-1263bda93f3d}</UniqueIdentifier>
    </Filter>
    <Filter Include="VideoAnalyze\Data\LoL\Champions">
      <UniqueIdentifier>{4eccd2cc-521f-4e58-b0fc-de34fdca4e9f}</UniqueIdentifier>
    </Filter>
    <Filter Include="External">
      <UniqueIdentifier>{5fdc9c7e-fd72-4d2e-b84d-d9c3b13bf771}</UniqueIdentifier>
    </Filter>
    <Filter Include="External\RapidXML">
      <UniqueIdentifier>{3dccb12f-59ba-4726-b0c0-c2638924fe01}</UniqueIdentifier>
    </Filter>
    <Filter Include="External\civetweb">
      <UniqueIdentifier>{0323ba8e-3db0-4fa4-8894-297dda995f27}</UniqueIdentifier>
    </Filter>
    <Filter Include="Frontend\Web">
      <UniqueIdentifier>{e828462a-6cfa-417e-8f38-7a2c657c8f56}</UniqueIdentifier>
    </Filter>
    <Filter Include="Frontend\Web\Handlers">
      <UniqueIdentifier>{e437057e-7f6a-4e52-a85d-f932d7eeeb1f}</UniqueIdentifier>
    </Filter>
    <Filter Include="Frontend\Dispatch">
      <UniqueIdentifier>{9ce4392a-0df3-4634-9fb9-5b56029bbcd1}</UniqueIdentifier>
    </Filter>
    <Filter Include="VideoAnalyze\Video">
      <UniqueIdentifier>{dcfb1677-3a4b-45bd-913f-f8bd2a6764c4}</UniqueIdentifier>
    </Filter>
    <Filter Include="VideoAnalyze\Video\LoL">
      <UniqueIdentifier>{ea951057-ba8c-4c1d-915a-b5e39fb67278}</UniqueIdentifier>
    </Filter>
    <Filter Include="External\cjson">
      <UniqueIdentifier>{80afa1f7-8181-4e04-8c00-32df28e3385a}</UniqueIdentifier>
    </Filter>
    <Filter Include="VideoAnalyze\Video\LoL\Spectator">
      <UniqueIdentifier>{ee3044d1-4d78-4836-aebd-7fbbcc335c1a}</UniqueIdentifier>
    </Filter>
    <Filter Include="VideoAnalyze\Video\LoL\Spectator\LCS">
      <UniqueIdentifier>{6ae5fff7-4d75-49e0-8d51-7a6c95c3a3a7}</UniqueIdentifier>
    </Filter>
  </ItemGroup>
  <ItemGroup>
    <ClInclude Include="VideoFetcher.h">
      <Filter>VideoFetch</Filter>
    </ClInclude>
    <ClInclude Include="common.h">
      <Filter>Core</Filter>
    </ClInclude>
    <ClInclude Include="ImageAnalyzer.h">
      <Filter>VideoAnalyze\Image</Filter>
    </ClInclude>
    <ClInclude Include="LeagueImageAnalyzer.h">
      <Filter>VideoAnalyze\Image\LoL</Filter>
    </ClInclude>
    <ClInclude Include="LeagueSpectatorImageAnalyzer.h">
      <Filter>VideoAnalyze\Image\LoL\Spectator</Filter>
    </ClInclude>
    <ClInclude Include="Data.h">
      <Filter>VideoAnalyze\Data</Filter>
    </ClInclude>
    <ClInclude Include="LeagueTeamData.h">
      <Filter>VideoAnalyze\Data\LoL</Filter>
    </ClInclude>
    <ClInclude Include="LeaguePlayerData.h">
      <Filter>VideoAnalyze\Data\LoL</Filter>
    </ClInclude>
    <ClInclude Include="rapidxml\rapidxml.hpp">
      <Filter>External\RapidXML</Filter>
    </ClInclude>
    <ClInclude Include="rapidxml\rapidxml_iterators.hpp">
      <Filter>External\RapidXML</Filter>
    </ClInclude>
    <ClInclude Include="rapidxml\rapidxml_print.hpp">
      <Filter>External\RapidXML</Filter>
    </ClInclude>
    <ClInclude Include="rapidxml\rapidxml_utils.hpp">
      <Filter>External\RapidXML</Filter>
    </ClInclude>
    <ClInclude Include="LeagueChampionDatabase.h">
      <Filter>VideoAnalyze\Data\LoL\Champions</Filter>
    </ClInclude>
    <ClInclude Include="LeagueChampionData.h">
      <Filter>VideoAnalyze\Data\LoL\Champions</Filter>
    </ClInclude>
    <ClInclude Include="LeagueLCSImageAnalyzer.h">
      <Filter>VideoAnalyze\Image\LoL\Spectator\LCS</Filter>
    </ClInclude>
    <ClInclude Include="civetweb\CivetServer.h">
      <Filter>External\civetweb</Filter>
    </ClInclude>
    <ClInclude Include="civetweb\civetweb.h">
      <Filter>External\civetweb</Filter>
    </ClInclude>
    <ClInclude Include="WebFrontend.h">
      <Filter>Frontend\Web</Filter>
    </ClInclude>
    <ClInclude Include="WebLeagueHandler.h">
      <Filter>Frontend\Web\Handlers</Filter>
    </ClInclude>
    <ClInclude Include="Dispatch.h">
      <Filter>Frontend\Dispatch</Filter>
    </ClInclude>
    <ClInclude Include="VideoAnalyzer.h">
      <Filter>VideoAnalyze\Video</Filter>
    </ClInclude>
    <ClInclude Include="LeagueVideoAnalyzer.h">
      <Filter>VideoAnalyze\Video\LoL</Filter>
    </ClInclude>
    <ClInclude Include="cjson\cJSON.h">
      <Filter>External\cjson</Filter>
    </ClInclude>
    <ClInclude Include="LeagueSpectatorVideoAnalyzer.h">
      <Filter>VideoAnalyze\Video\LoL\Spectator</Filter>
    </ClInclude>
    <ClInclude Include="LeagueLCSVideoAnalyzer.h">
      <Filter>VideoAnalyze\Video\LoL\Spectator\LCS</Filter>
    </ClInclude>
  </ItemGroup>
  <ItemGroup>
    <ClCompile Include="VideoFetcher.cpp">
      <Filter>VideoFetch</Filter>
    </ClCompile>
    <ClCompile Include="main.cpp">
      <Filter>Frontend</Filter>
    </ClCompile>
    <ClCompile Include="ImageAnalyzer.cpp">
      <Filter>VideoAnalyze\Image</Filter>
    </ClCompile>
    <ClCompile Include="LeagueImageAnalyzer.cpp">
      <Filter>VideoAnalyze\Image\LoL</Filter>
    </ClCompile>
    <ClCompile Include="LeagueSpectatorImageAnalyzer.cpp">
      <Filter>VideoAnalyze\Image\LoL\Spectator</Filter>
    </ClCompile>
    <ClCompile Include="LeagueChampionDatabase.cpp">
      <Filter>VideoAnalyze\Data\LoL\Champions</Filter>
    </ClCompile>
    <ClCompile Include="LeagueLCSImageAnalyzer.cpp">
      <Filter>VideoAnalyze\Image\LoL\Spectator\LCS</Filter>
    </ClCompile>
    <ClCompile Include="civetweb\CivetServer.cpp">
      <Filter>External\civetweb</Filter>
    </ClCompile>
    <ClCompile Include="civetweb\civetweb.c">
      <Filter>External\civetweb</Filter>
    </ClCompile>
    <ClCompile Include="WebFrontend.cpp">
      <Filter>Frontend\Web</Filter>
    </ClCompile>
    <ClCompile Include="WebLeagueHandler.cpp">
      <Filter>Frontend\Web\Handlers</Filter>
    </ClCompile>
    <ClCompile Include="Dispatch.cpp">
      <Filter>Frontend\Dispatch</Filter>
    </ClCompile>
    <ClCompile Include="VideoAnalyzer.cpp">
      <Filter>VideoAnalyze\Video</Filter>
    </ClCompile>
    <ClCompile Include="LeagueVideoAnalyzer.cpp">
      <Filter>VideoAnalyze\Video\LoL</Filter>
    </ClCompile>
    <ClCompile Include="LeagueTeamData.cpp">
      <Filter>VideoAnalyze\Data\LoL</Filter>
    </ClCompile>
    <ClCompile Include="LeaguePlayerData.cpp">
      <Filter>VideoAnalyze\Data\LoL</Filter>
    </ClCompile>
    <ClCompile Include="cjson\cJSON.c">
      <Filter>External\cjson</Filter>
    </ClCompile>
    <ClCompile Include="LeagueSpectatorVideoAnalyzer.cpp">
      <Filter>VideoAnalyze\Video\LoL\Spectator</Filter>
    </ClCompile>
    <ClCompile Include="LeagueLCSVideoAnalyzer.cpp">
      <Filter>VideoAnalyze\Video\LoL\Spectator\LCS</Filter>
    </ClCompile>
  </ItemGroup>
  <ItemGroup>
    <None Include="civetweb\md5.inl">
      <Filter>External\civetweb</Filter>
    </None>
  </ItemGroup>
</Project>